{
  "nodes": {
    "home-manager": {
      "inputs": {
        "nixpkgs": [
          "nixpkgs"
        ]
      },
      "locked": {
        "lastModified": 1716679503,
        "narHash": "sha256-aX8AEWHLwuiYX8OCpTnHGrQeei1Gb+AGbk1hq+RIClg=",
        "owner": "nix-community",
        "repo": "home-manager",
        "rev": "e4611630c3cc8ed618b48d92f6291f65be9f7913",
        "type": "github"
      },
      "original": {
        "owner": "nix-community",
        "repo": "home-manager",
        "type": "github"
      }
    },
    "impermanence": {
      "locked": {
        "lastModified": 1708968331,
        "narHash": "sha256-VUXLaPusCBvwM3zhGbRIJVeYluh2uWuqtj4WirQ1L9Y=",
        "owner": "nix-community",
        "repo": "impermanence",
        "rev": "a33ef102a02ce77d3e39c25197664b7a636f9c30",
        "type": "github"
      },
      "original": {
        "owner": "nix-community",
        "repo": "impermanence",
        "type": "github"
      }
    },
    "musnix": {
      "inputs": {
        "nixpkgs": [
          "nixpkgs"
        ]
      },
      "locked": {
        "lastModified": 1716318911,
        "narHash": "sha256-YKl+QCmB8wb0vgp5b+28j0Vr+JCeoDIJ0HAjIF/okVs=",
        "owner": "musnix",
        "repo": "musnix",
        "rev": "4c8c972ad573c517e10ea34abfcdf474e462ef80",
        "type": "github"
      },
      "original": {
        "owner": "musnix",
        "repo": "musnix",
        "type": "github"
      }
    },
    "nixpkgs": {
      "locked": {
        "lastModified": 1716509168,
        "narHash": "sha256-4zSIhSRRIoEBwjbPm3YiGtbd8HDWzFxJjw5DYSDy1n8=",
        "owner": "NixOS",
        "repo": "nixpkgs",
        "rev": "bfb7a882678e518398ce9a31a881538679f6f092",
        "type": "github"
      },
      "original": {
        "owner": "NixOS",
        "ref": "nixos-unstable",
        "repo": "nixpkgs",
        "type": "github"
      }
    },
    "nur": {
      "locked": {
        "lastModified": 1716682147,
        "narHash": "sha256-SuKHm4gY4fQZvCPqt6WdCHrShvUPlQrblYG6TGhKOrs=",
        "owner": "nix-community",
        "repo": "NUR",
        "rev": "5a9cefff93fe9a7e8d864d48ea0fba144afef2a6",
        "type": "github"
      },
      "original": {
        "owner": "nix-community",
        "repo": "NUR",
        "type": "github"
      }
    },
    "overlay-astapkgs": {
      "locked": {
        "lastModified": 1710856899,
        "narHash": "sha256-6MdZOhQwpzqQ7ljAWx/y0dyMBUsC0KU+6VoSVr248AY=",
        "owner": "Astavie",
        "repo": "astapkgs",
        "rev": "1fac6fa3149d821cef97d67b7357bd269a2b40f3",
        "type": "github"
      },
      "original": {
        "owner": "Astavie",
        "repo": "astapkgs",
        "type": "github"
      }
    },
    "root": {
      "inputs": {
        "home-manager": "home-manager",
        "impermanence": "impermanence",
        "musnix": "musnix",
        "nixpkgs": "nixpkgs",
        "nur": "nur",
        "overlay-astapkgs": "overlay-astapkgs"
      }
    }
  },
  "root": "root",
  "version": 7
}
