{
  "nodes": {
    "crane": {
      "inputs": {
        "nixpkgs": [
          "overlay-helix",
          "nixpkgs"
        ]
      },
      "locked": {
        "lastModified": 1701025348,
        "narHash": "sha256-42GHmYH+GF7VjwGSt+fVT1CQuNpGanJbNgVHTAZppUM=",
        "owner": "ipetkov",
        "repo": "crane",
        "rev": "42afaeb1a0325194a7cdb526332d2cb92fddd07b",
        "type": "github"
      },
      "original": {
        "owner": "ipetkov",
        "repo": "crane",
        "type": "github"
      }
    },
    "fenix": {
      "inputs": {
        "nixpkgs": [
          "overlay-astapkgs",
          "nixpkgs"
        ],
        "rust-analyzer-src": "rust-analyzer-src"
      },
      "locked": {
        "lastModified": 1695018106,
        "narHash": "sha256-kZd7//cau0fRFqokaC9olL82j60c02yQH3sGAPSAm6Q=",
        "owner": "nix-community",
        "repo": "fenix",
        "rev": "529f3af3d0e02a7b474c427464b166c36c531c4e",
        "type": "github"
      },
      "original": {
        "owner": "nix-community",
        "repo": "fenix",
        "type": "github"
      }
    },
    "flake-utils": {
      "inputs": {
        "systems": "systems"
      },
      "locked": {
        "lastModified": 1694529238,
        "narHash": "sha256-zsNZZGTGnMOf9YpHKJqMSsa0dXbfmxeoJ7xHlrt+xmY=",
        "owner": "numtide",
        "repo": "flake-utils",
        "rev": "ff7b65b44d01cf9ba6a71320833626af21126384",
        "type": "github"
      },
      "original": {
        "owner": "numtide",
        "repo": "flake-utils",
        "type": "github"
      }
    },
    "home-manager": {
      "inputs": {
        "nixpkgs": [
          "nixpkgs"
        ]
      },
      "locked": {
        "lastModified": 1700553346,
        "narHash": "sha256-kW7uWsCv/lxuA824Ng6EYD9hlVYRyjuFn0xBbYltAeQ=",
        "owner": "nix-community",
        "repo": "home-manager",
        "rev": "1aabb0a31b25ad83cfaa37c3fe29053417cd9a0f",
        "type": "github"
      },
      "original": {
        "owner": "nix-community",
        "repo": "home-manager",
        "type": "github"
      }
    },
    "impermanence": {
      "locked": {
        "lastModified": 1697303681,
        "narHash": "sha256-caJ0rXeagaih+xTgRduYtYKL1rZ9ylh06CIrt1w5B4g=",
        "owner": "nix-community",
        "repo": "impermanence",
        "rev": "0f317c2e9e56550ce12323eb39302d251618f5b5",
        "type": "github"
      },
      "original": {
        "owner": "nix-community",
        "repo": "impermanence",
        "type": "github"
      }
    },
    "musnix": {
      "inputs": {
        "nixpkgs": [
          "nixpkgs"
        ]
      },
      "locked": {
        "lastModified": 1695062411,
        "narHash": "sha256-K2DeDQLXjyV5kZwt0sqzS2J2XWJHIhjlVYshtcbHduI=",
        "owner": "musnix",
        "repo": "musnix",
        "rev": "55b46a6a116f8b6cee17e05e85fadfd23865327a",
        "type": "github"
      },
      "original": {
        "owner": "musnix",
        "repo": "musnix",
        "type": "github"
      }
    },
    "nixpkgs": {
      "locked": {
        "lastModified": 1700390070,
        "narHash": "sha256-de9KYi8rSJpqvBfNwscWdalIJXPo8NjdIZcEJum1mH0=",
        "owner": "NixOS",
        "repo": "nixpkgs",
        "rev": "e4ad989506ec7d71f7302cc3067abd82730a4beb",
        "type": "github"
      },
      "original": {
        "owner": "NixOS",
        "ref": "nixos-unstable",
        "repo": "nixpkgs",
        "type": "github"
      }
    },
    "nur": {
      "locked": {
        "lastModified": 1700555959,
        "narHash": "sha256-RAG0hhJZKnzS1Pi+wNhsTsNAPK1rDwtMviaX5mGbp20=",
        "owner": "nix-community",
        "repo": "NUR",
        "rev": "8b3658a6b7ee7f50ded645b99304dfead02c0394",
        "type": "github"
      },
      "original": {
        "owner": "nix-community",
        "repo": "NUR",
        "type": "github"
      }
    },
    "overlay-astapkgs": {
      "inputs": {
        "fenix": "fenix",
        "nixpkgs": [
          "nixpkgs"
        ]
      },
      "locked": {
        "lastModified": 1700555956,
        "narHash": "sha256-oOZKGjJIREaKa+oj31UDHpa3lj6CJProG9sYCvzPSUM=",
        "owner": "Astavie",
        "repo": "astapkgs",
        "rev": "948c3cc02abefe3b958af6e6b3a47902cd2d202c",
        "type": "github"
      },
      "original": {
        "owner": "Astavie",
        "repo": "astapkgs",
        "type": "github"
      }
    },
    "overlay-helix": {
      "inputs": {
        "crane": "crane",
        "flake-utils": "flake-utils",
        "nixpkgs": [
          "nixpkgs"
        ],
        "rust-overlay": "rust-overlay"
      },
      "locked": {
        "lastModified": 1703059775,
        "narHash": "sha256-Zfg6zUmzXAnDOdghp5izzctv+BD7B9yJZh0hjiG7pW4=",
        "owner": "helix-editor",
        "repo": "helix",
        "rev": "5f04d09f030da0711b92894bd8dd6623135882ac",
        "type": "github"
      },
      "original": {
        "owner": "helix-editor",
        "repo": "helix",
        "type": "github"
      }
    },
    "overlay-lucu": {
      "inputs": {
        "astapkgs": [
          "overlay-astapkgs"
        ]
      },
      "locked": {
        "lastModified": 1699615647,
        "narHash": "sha256-OXkwPp37uQM5+PNgpiPe4tSiJ7kt8XXbd6YNlvY5GcQ=",
        "owner": "Astavie",
        "repo": "lucu",
        "rev": "f401b8e29d8a497039b090a7dc726e031d7e87ea",
        "type": "github"
      },
      "original": {
        "owner": "Astavie",
        "repo": "lucu",
        "type": "github"
      }
    },
    "root": {
      "inputs": {
        "home-manager": "home-manager",
        "impermanence": "impermanence",
        "musnix": "musnix",
        "nixpkgs": "nixpkgs",
        "nur": "nur",
        "overlay-astapkgs": "overlay-astapkgs",
        "overlay-helix": "overlay-helix",
        "overlay-lucu": "overlay-lucu"
      }
    },
    "rust-analyzer-src": {
      "flake": false,
      "locked": {
        "lastModified": 1694973195,
        "narHash": "sha256-+d/GW4MyksvJmNoQLJMpKxApuZTVwaT+yuxxR/Cc/BE=",
        "owner": "rust-lang",
        "repo": "rust-analyzer",
        "rev": "05666441bafd6010787a4097a6bd44266ad21018",
        "type": "github"
      },
      "original": {
        "owner": "rust-lang",
        "ref": "nightly",
        "repo": "rust-analyzer",
        "type": "github"
      }
    },
    "rust-overlay": {
      "inputs": {
        "flake-utils": [
          "overlay-helix",
          "flake-utils"
        ],
        "nixpkgs": [
          "overlay-helix",
          "nixpkgs"
        ]
      },
      "locked": {
        "lastModified": 1701137803,
        "narHash": "sha256-0LcPAdql5IhQSUXJx3Zna0dYTgdIoYO7zUrsKgiBd04=",
        "owner": "oxalica",
        "repo": "rust-overlay",
        "rev": "9dd940c967502f844eacea52a61e9596268d4f70",
        "type": "github"
      },
      "original": {
        "owner": "oxalica",
        "repo": "rust-overlay",
        "type": "github"
      }
    },
    "systems": {
      "locked": {
        "lastModified": 1681028828,
        "narHash": "sha256-Vy1rq5AaRuLzOxct8nz4T6wlgyUR7zLU309k9mBC768=",
        "owner": "nix-systems",
        "repo": "default",
        "rev": "da67096a3b9bf56a91d16901293e51ba5b49a27e",
        "type": "github"
      },
      "original": {
        "owner": "nix-systems",
        "repo": "default",
        "type": "github"
      }
    }
  },
  "root": "root",
  "version": 7
}
